
Microsoft Visual Studio Solution File, Format Version 12.00
# Visual Studio Version 17
VisualStudioVersion = 17.8.34330.188
MinimumVisualStudioVersion = 10.0.40219.1
Project("{FAE04EC0-301F-11D3-BF4B-00C04F79EFBC}") = "CriandoClassAtributosTriangulo", "CriandoClassAtributosTriangulo\CriandoClassAtributosTriangulo.csproj", "{CB6F4B59-C1D6-4887-A6E9-E01F9F57B115}"
EndProject
Global
	GlobalSection(SolutionConfigurationPlatforms) = preSolution
		Debug|Any CPU = Debug|Any CPU
		Release|Any CPU = Release|Any CPU
	EndGlobalSection
	GlobalSection(ProjectConfigurationPlatforms) = postSolution
		{CB6F4B59-C1D6-4887-A6E9-E01F9F57B115}.Debug|Any CPU.ActiveCfg = Debug|Any CPU
		{CB6F4B59-C1D6-4887-A6E9-E01F9F57B115}.Debug|Any CPU.Build.0 = Debug|Any CPU
		{CB6F4B59-C1D6-4887-A6E9-E01F9F57B115}.Release|Any CPU.ActiveCfg = Release|Any CPU
		{CB6F4B59-C1D6-4887-A6E9-E01F9F57B115}.Release|Any CPU.Build.0 = Release|Any CPU
	EndGlobalSection
	GlobalSection(SolutionProperties) = preSolution
		HideSolutionNode = FALSE
	EndGlobalSection
	GlobalSection(ExtensibilityGlobals) = postSolution
		SolutionGuid = {251C9B31-DF1B-4ECB-B5E2-C23F574AED55}
	EndGlobalSection
EndGlobal
