
Microsoft Visual Studio Solution File, Format Version 12.00
# Visual Studio Version 17
VisualStudioVersion = 17.8.34525.116
MinimumVisualStudioVersion = 10.0.40219.1
Project("{FAE04EC0-301F-11D3-BF4B-00C04F79EFBC}") = "ExercicioFiles", "ExercicioFiles\ExercicioFiles.csproj", "{AAD433D2-50F7-4A84-97B7-700B100BA969}"
EndProject
Global
	GlobalSection(SolutionConfigurationPlatforms) = preSolution
		Debug|Any CPU = Debug|Any CPU
		Release|Any CPU = Release|Any CPU
	EndGlobalSection
	GlobalSection(ProjectConfigurationPlatforms) = postSolution
		{AAD433D2-50F7-4A84-97B7-700B100BA969}.Debug|Any CPU.ActiveCfg = Debug|Any CPU
		{AAD433D2-50F7-4A84-97B7-700B100BA969}.Debug|Any CPU.Build.0 = Debug|Any CPU
		{AAD433D2-50F7-4A84-97B7-700B100BA969}.Release|Any CPU.ActiveCfg = Release|Any CPU
		{AAD433D2-50F7-4A84-97B7-700B100BA969}.Release|Any CPU.Build.0 = Release|Any CPU
	EndGlobalSection
	GlobalSection(SolutionProperties) = preSolution
		HideSolutionNode = FALSE
	EndGlobalSection
	GlobalSection(ExtensibilityGlobals) = postSolution
		SolutionGuid = {68C80501-5DDF-4BEF-9D8A-D153731095C6}
	EndGlobalSection
EndGlobal
