
Microsoft Visual Studio Solution File, Format Version 12.00
# Visual Studio Version 17
VisualStudioVersion = 17.8.34525.116
MinimumVisualStudioVersion = 10.0.40219.1
Project("{FAE04EC0-301F-11D3-BF4B-00C04F79EFBC}") = "SwitchCase", "SwitchCase\SwitchCase.csproj", "{8485D3EE-2F4F-4476-92C3-5A22F4945B13}"
EndProject
Global
	GlobalSection(SolutionConfigurationPlatforms) = preSolution
		Debug|Any CPU = Debug|Any CPU
		Release|Any CPU = Release|Any CPU
	EndGlobalSection
	GlobalSection(ProjectConfigurationPlatforms) = postSolution
		{8485D3EE-2F4F-4476-92C3-5A22F4945B13}.Debug|Any CPU.ActiveCfg = Debug|Any CPU
		{8485D3EE-2F4F-4476-92C3-5A22F4945B13}.Debug|Any CPU.Build.0 = Debug|Any CPU
		{8485D3EE-2F4F-4476-92C3-5A22F4945B13}.Release|Any CPU.ActiveCfg = Release|Any CPU
		{8485D3EE-2F4F-4476-92C3-5A22F4945B13}.Release|Any CPU.Build.0 = Release|Any CPU
	EndGlobalSection
	GlobalSection(SolutionProperties) = preSolution
		HideSolutionNode = FALSE
	EndGlobalSection
	GlobalSection(ExtensibilityGlobals) = postSolution
		SolutionGuid = {B9B330B6-EDD8-4EB1-949D-A3EFA52627CC}
	EndGlobalSection
EndGlobal
