
Microsoft Visual Studio Solution File, Format Version 12.00
# Visual Studio Version 17
VisualStudioVersion = 17.8.34525.116
MinimumVisualStudioVersion = 10.0.40219.1
Project("{FAE04EC0-301F-11D3-BF4B-00C04F79EFBC}") = "Constructor", "Constructor\Constructor.csproj", "{462A59A2-65B8-4A64-B312-A742CF45E346}"
EndProject
Global
	GlobalSection(SolutionConfigurationPlatforms) = preSolution
		Debug|Any CPU = Debug|Any CPU
		Release|Any CPU = Release|Any CPU
	EndGlobalSection
	GlobalSection(ProjectConfigurationPlatforms) = postSolution
		{462A59A2-65B8-4A64-B312-A742CF45E346}.Debug|Any CPU.ActiveCfg = Debug|Any CPU
		{462A59A2-65B8-4A64-B312-A742CF45E346}.Debug|Any CPU.Build.0 = Debug|Any CPU
		{462A59A2-65B8-4A64-B312-A742CF45E346}.Release|Any CPU.ActiveCfg = Release|Any CPU
		{462A59A2-65B8-4A64-B312-A742CF45E346}.Release|Any CPU.Build.0 = Release|Any CPU
	EndGlobalSection
	GlobalSection(SolutionProperties) = preSolution
		HideSolutionNode = FALSE
	EndGlobalSection
	GlobalSection(ExtensibilityGlobals) = postSolution
		SolutionGuid = {E411DFFB-1750-46F7-BF18-30EE8E1311E6}
	EndGlobalSection
EndGlobal
