
Microsoft Visual Studio Solution File, Format Version 12.00
# Visual Studio Version 17
VisualStudioVersion = 17.8.34525.116
MinimumVisualStudioVersion = 10.0.40219.1
Project("{FAE04EC0-301F-11D3-BF4B-00C04F79EFBC}") = "EstruturaRepetitivaEnquanto", "EstruturaRepetitivaEnquanto\EstruturaRepetitivaEnquanto.csproj", "{F8721B48-2A66-411B-A275-6E9D1333FD76}"
EndProject
Global
	GlobalSection(SolutionConfigurationPlatforms) = preSolution
		Debug|Any CPU = Debug|Any CPU
		Release|Any CPU = Release|Any CPU
	EndGlobalSection
	GlobalSection(ProjectConfigurationPlatforms) = postSolution
		{F8721B48-2A66-411B-A275-6E9D1333FD76}.Debug|Any CPU.ActiveCfg = Debug|Any CPU
		{F8721B48-2A66-411B-A275-6E9D1333FD76}.Debug|Any CPU.Build.0 = Debug|Any CPU
		{F8721B48-2A66-411B-A275-6E9D1333FD76}.Release|Any CPU.ActiveCfg = Release|Any CPU
		{F8721B48-2A66-411B-A275-6E9D1333FD76}.Release|Any CPU.Build.0 = Release|Any CPU
	EndGlobalSection
	GlobalSection(SolutionProperties) = preSolution
		HideSolutionNode = FALSE
	EndGlobalSection
	GlobalSection(ExtensibilityGlobals) = postSolution
		SolutionGuid = {79BEBBAB-975C-4E85-8F9E-9ABC69FFCBD8}
	EndGlobalSection
EndGlobal
