
Microsoft Visual Studio Solution File, Format Version 12.00
# Visual Studio Version 17
VisualStudioVersion = 17.8.34525.116
MinimumVisualStudioVersion = 10.0.40219.1
Project("{FAE04EC0-301F-11D3-BF4B-00C04F79EFBC}") = "SalesWebMvc", "SalesWebMvc\SalesWebMvc.csproj", "{8C1EDA35-2670-499F-B70A-9EC5B982F7BB}"
EndProject
Global
	GlobalSection(SolutionConfigurationPlatforms) = preSolution
		Debug|Any CPU = Debug|Any CPU
		Release|Any CPU = Release|Any CPU
	EndGlobalSection
	GlobalSection(ProjectConfigurationPlatforms) = postSolution
		{8C1EDA35-2670-499F-B70A-9EC5B982F7BB}.Debug|Any CPU.ActiveCfg = Debug|Any CPU
		{8C1EDA35-2670-499F-B70A-9EC5B982F7BB}.Debug|Any CPU.Build.0 = Debug|Any CPU
		{8C1EDA35-2670-499F-B70A-9EC5B982F7BB}.Release|Any CPU.ActiveCfg = Release|Any CPU
		{8C1EDA35-2670-499F-B70A-9EC5B982F7BB}.Release|Any CPU.Build.0 = Release|Any CPU
	EndGlobalSection
	GlobalSection(SolutionProperties) = preSolution
		HideSolutionNode = FALSE
	EndGlobalSection
	GlobalSection(ExtensibilityGlobals) = postSolution
		SolutionGuid = {73E37A78-85EE-470F-A68C-5A692780A498}
	EndGlobalSection
EndGlobal
