
Microsoft Visual Studio Solution File, Format Version 12.00
# Visual Studio Version 17
VisualStudioVersion = 17.8.34525.116
MinimumVisualStudioVersion = 10.0.40219.1
Project("{FAE04EC0-301F-11D3-BF4B-00C04F79EFBC}") = "AreaDoTriangulo", "AreaDoTriangulo\AreaDoTriangulo.csproj", "{ED494A2B-2CB9-48BD-B61A-24BB5F2AA60C}"
EndProject
Global
	GlobalSection(SolutionConfigurationPlatforms) = preSolution
		Debug|Any CPU = Debug|Any CPU
		Release|Any CPU = Release|Any CPU
	EndGlobalSection
	GlobalSection(ProjectConfigurationPlatforms) = postSolution
		{ED494A2B-2CB9-48BD-B61A-24BB5F2AA60C}.Debug|Any CPU.ActiveCfg = Debug|Any CPU
		{ED494A2B-2CB9-48BD-B61A-24BB5F2AA60C}.Debug|Any CPU.Build.0 = Debug|Any CPU
		{ED494A2B-2CB9-48BD-B61A-24BB5F2AA60C}.Release|Any CPU.ActiveCfg = Release|Any CPU
		{ED494A2B-2CB9-48BD-B61A-24BB5F2AA60C}.Release|Any CPU.Build.0 = Release|Any CPU
	EndGlobalSection
	GlobalSection(SolutionProperties) = preSolution
		HideSolutionNode = FALSE
	EndGlobalSection
	GlobalSection(ExtensibilityGlobals) = postSolution
		SolutionGuid = {4BD1A85A-C316-434E-950A-3191184A9302}
	EndGlobalSection
EndGlobal
