
Microsoft Visual Studio Solution File, Format Version 12.00
# Visual Studio Version 17
VisualStudioVersion = 17.8.34525.116
MinimumVisualStudioVersion = 10.0.40219.1
Project("{FAE04EC0-301F-11D3-BF4B-00C04F79EFBC}") = "ExcecoesPersonalizadas", "ExcecoesPersonalizadas\ExcecoesPersonalizadas.csproj", "{7A172958-201F-4564-8760-C92E117FD8F9}"
EndProject
Global
	GlobalSection(SolutionConfigurationPlatforms) = preSolution
		Debug|Any CPU = Debug|Any CPU
		Release|Any CPU = Release|Any CPU
	EndGlobalSection
	GlobalSection(ProjectConfigurationPlatforms) = postSolution
		{7A172958-201F-4564-8760-C92E117FD8F9}.Debug|Any CPU.ActiveCfg = Debug|Any CPU
		{7A172958-201F-4564-8760-C92E117FD8F9}.Debug|Any CPU.Build.0 = Debug|Any CPU
		{7A172958-201F-4564-8760-C92E117FD8F9}.Release|Any CPU.ActiveCfg = Release|Any CPU
		{7A172958-201F-4564-8760-C92E117FD8F9}.Release|Any CPU.Build.0 = Release|Any CPU
	EndGlobalSection
	GlobalSection(SolutionProperties) = preSolution
		HideSolutionNode = FALSE
	EndGlobalSection
	GlobalSection(ExtensibilityGlobals) = postSolution
		SolutionGuid = {9D5D1A9C-986C-4F48-83BF-11BB0C3B4B22}
	EndGlobalSection
EndGlobal
