
Microsoft Visual Studio Solution File, Format Version 12.00
# Visual Studio Version 17
VisualStudioVersion = 17.8.34330.188
MinimumVisualStudioVersion = 10.0.40219.1
Project("{FAE04EC0-301F-11D3-BF4B-00C04F79EFBC}") = "OperadoresLogicos", "OperadoresLogicos\OperadoresLogicos.csproj", "{09399027-965B-4B5D-976B-70FD9B73FFCA}"
EndProject
Global
	GlobalSection(SolutionConfigurationPlatforms) = preSolution
		Debug|Any CPU = Debug|Any CPU
		Release|Any CPU = Release|Any CPU
	EndGlobalSection
	GlobalSection(ProjectConfigurationPlatforms) = postSolution
		{09399027-965B-4B5D-976B-70FD9B73FFCA}.Debug|Any CPU.ActiveCfg = Debug|Any CPU
		{09399027-965B-4B5D-976B-70FD9B73FFCA}.Debug|Any CPU.Build.0 = Debug|Any CPU
		{09399027-965B-4B5D-976B-70FD9B73FFCA}.Release|Any CPU.ActiveCfg = Release|Any CPU
		{09399027-965B-4B5D-976B-70FD9B73FFCA}.Release|Any CPU.Build.0 = Release|Any CPU
	EndGlobalSection
	GlobalSection(SolutionProperties) = preSolution
		HideSolutionNode = FALSE
	EndGlobalSection
	GlobalSection(ExtensibilityGlobals) = postSolution
		SolutionGuid = {60070F7B-3BA1-4A46-93CA-4AEF8C4E605D}
	EndGlobalSection
EndGlobal
