
Microsoft Visual Studio Solution File, Format Version 12.00
# Visual Studio Version 17
VisualStudioVersion = 17.8.34525.116
MinimumVisualStudioVersion = 10.0.40219.1
Project("{FAE04EC0-301F-11D3-BF4B-00C04F79EFBC}") = "ExercicioInterface", "ExercicioInterface\ExercicioInterface.csproj", "{80D0F03E-4647-420C-AC81-D8379CEBD442}"
EndProject
Global
	GlobalSection(SolutionConfigurationPlatforms) = preSolution
		Debug|Any CPU = Debug|Any CPU
		Release|Any CPU = Release|Any CPU
	EndGlobalSection
	GlobalSection(ProjectConfigurationPlatforms) = postSolution
		{80D0F03E-4647-420C-AC81-D8379CEBD442}.Debug|Any CPU.ActiveCfg = Debug|Any CPU
		{80D0F03E-4647-420C-AC81-D8379CEBD442}.Debug|Any CPU.Build.0 = Debug|Any CPU
		{80D0F03E-4647-420C-AC81-D8379CEBD442}.Release|Any CPU.ActiveCfg = Release|Any CPU
		{80D0F03E-4647-420C-AC81-D8379CEBD442}.Release|Any CPU.Build.0 = Release|Any CPU
	EndGlobalSection
	GlobalSection(SolutionProperties) = preSolution
		HideSolutionNode = FALSE
	EndGlobalSection
	GlobalSection(ExtensibilityGlobals) = postSolution
		SolutionGuid = {ED332331-FE4F-49C5-B275-6B62E123ACFF}
	EndGlobalSection
EndGlobal
