
Microsoft Visual Studio Solution File, Format Version 12.00
# Visual Studio Version 17
VisualStudioVersion = 17.8.34525.116
MinimumVisualStudioVersion = 10.0.40219.1
Project("{FAE04EC0-301F-11D3-BF4B-00C04F79EFBC}") = "DemoMVC", "DemoMVC\DemoMVC.csproj", "{1F7BFDD1-BE86-4609-B663-8D1178D40FB4}"
EndProject
Global
	GlobalSection(SolutionConfigurationPlatforms) = preSolution
		Debug|Any CPU = Debug|Any CPU
		Release|Any CPU = Release|Any CPU
	EndGlobalSection
	GlobalSection(ProjectConfigurationPlatforms) = postSolution
		{1F7BFDD1-BE86-4609-B663-8D1178D40FB4}.Debug|Any CPU.ActiveCfg = Debug|Any CPU
		{1F7BFDD1-BE86-4609-B663-8D1178D40FB4}.Debug|Any CPU.Build.0 = Debug|Any CPU
		{1F7BFDD1-BE86-4609-B663-8D1178D40FB4}.Release|Any CPU.ActiveCfg = Release|Any CPU
		{1F7BFDD1-BE86-4609-B663-8D1178D40FB4}.Release|Any CPU.Build.0 = Release|Any CPU
	EndGlobalSection
	GlobalSection(SolutionProperties) = preSolution
		HideSolutionNode = FALSE
	EndGlobalSection
	GlobalSection(ExtensibilityGlobals) = postSolution
		SolutionGuid = {05704F05-C3CF-4F9B-BDB4-126E9EAC71F5}
	EndGlobalSection
EndGlobal
