
Microsoft Visual Studio Solution File, Format Version 12.00
# Visual Studio Version 17
VisualStudioVersion = 17.8.34330.188
MinimumVisualStudioVersion = 10.0.40219.1
Project("{FAE04EC0-301F-11D3-BF4B-00C04F79EFBC}") = "Course", "Course\Course.csproj", "{8B646D32-F1E8-469E-BC20-4B90AEF74B5B}"
EndProject
Global
	GlobalSection(SolutionConfigurationPlatforms) = preSolution
		Debug|Any CPU = Debug|Any CPU
		Release|Any CPU = Release|Any CPU
	EndGlobalSection
	GlobalSection(ProjectConfigurationPlatforms) = postSolution
		{8B646D32-F1E8-469E-BC20-4B90AEF74B5B}.Debug|Any CPU.ActiveCfg = Debug|Any CPU
		{8B646D32-F1E8-469E-BC20-4B90AEF74B5B}.Debug|Any CPU.Build.0 = Debug|Any CPU
		{8B646D32-F1E8-469E-BC20-4B90AEF74B5B}.Release|Any CPU.ActiveCfg = Release|Any CPU
		{8B646D32-F1E8-469E-BC20-4B90AEF74B5B}.Release|Any CPU.Build.0 = Release|Any CPU
	EndGlobalSection
	GlobalSection(SolutionProperties) = preSolution
		HideSolutionNode = FALSE
	EndGlobalSection
	GlobalSection(ExtensibilityGlobals) = postSolution
		SolutionGuid = {55A868BC-F8CC-459C-807C-CFB36F175BCE}
	EndGlobalSection
EndGlobal
